github.com/dvcrn/maskedemail-cli v0.0.0-20220923084739-0f7dbeb2f5b8 h1:NPkzt0eH0txLKcqqtXW4N7GpmUrlMPxZHfDOuP1OY2c=
github.com/dvcrn/maskedemail-cli v0.0.0-20220923084739-0f7dbeb2f5b8/go.mod h1:TU8E0RslsOUiXYsICzcpPcThV56wOhuGt+5+NNXDx6k=
github.com/dvcrn/maskedemail-cli v0.0.0-20220925033807-7abf663c53f6 h1:k9KwOJ7e61HxnsHuhgsuvwTFhAgKIdBeUyzlHOwoWJw=
github.com/dvcrn/maskedemail-cli v0.0.0-20220925033807-7abf663c53f6/go.mod h1:TU8E0RslsOUiXYsICzcpPcThV56wOhuGt+5+NNXDx6k=
github.com/dvcrn/maskedemail-cli v0.0.0-20220925034132-238d1701d1c0 h1:qW8ubFkJFG7bRCtacTqo3ZkyqYztYkhX7aJ6DzJHkMY=
github.com/dvcrn/maskedemail-cli v0.0.0-20220925034132-238d1701d1c0/go.mod h1:TU8E0RslsOUiXYsICzcpPcThV56wOhuGt+5+NNXDx6k=
github.com/dvcrn/maskedemail-cli v0.0.0-20220925034450-23716832addd h1:kKlAmy7lc/fYGU4V/ucr1khmCq1EvxHNlex0EBSQABc=
github.com/dvcrn/maskedemail-cli v0.0.0-20220925034450-23716832addd/go.mod h1:TU8E0RslsOUiXYsICzcpPcThV56wOhuGt+5+NNXDx6k=
github.com/mitchellh/mapstructure v1.4.3 h1:OVowDSCllw/YjdLkam3/sm7wEtOy59d8ndGgCcyj8cs=
github.com/mitchellh/mapstructure v1.4.3/go.mod h1:bFUtVrKA4DC2yAKiSyO/QUcy7e+RRV2QTWOzhPopBRo=
