github.com/dvcrn/maskedemail-cli v0.0.0-20230603113757-7a0ce82189f6 h1:ORgd6cYAg5GdPNNE95vFXyy73rx8xy1XCprpVDGN1jE=
github.com/dvcrn/maskedemail-cli v0.0.0-20230603113757-7a0ce82189f6/go.mod h1:TU8E0RslsOUiXYsICzcpPcThV56wOhuGt+5+NNXDx6k=
github.com/mitchellh/mapstructure v1.4.3 h1:OVowDSCllw/YjdLkam3/sm7wEtOy59d8ndGgCcyj8cs=
github.com/mitchellh/mapstructure v1.4.3/go.mod h1:bFUtVrKA4DC2yAKiSyO/QUcy7e+RRV2QTWOzhPopBRo=
